
Microsoft Visual Studio Solution File, Format Version 10.00
# Visual Studio 2008
Project("{8BC9CEB8-8B4A-11D0-8D11-00A0C91BC942}") = "ShaderCompiler", "ShaderCompiler.vcproj", "{CD3D4926-880F-4EEF-9BE9-69853F5F26B6}"
EndProject
Global
	GlobalSection(SolutionConfigurationPlatforms) = preSolution
		Debug|Win32 = Debug|Win32
		Release|Win32 = Release|Win32
	EndGlobalSection
	GlobalSection(ProjectConfigurationPlatforms) = postSolution
		{CD3D4926-880F-4EEF-9BE9-69853F5F26B6}.Debug|Win32.ActiveCfg = Debug|Win32
		{CD3D4926-880F-4EEF-9BE9-69853F5F26B6}.Debug|Win32.Build.0 = Debug|Win32
		{CD3D4926-880F-4EEF-9BE9-69853F5F26B6}.Release|Win32.ActiveCfg = Release|Win32
		{CD3D4926-880F-4EEF-9BE9-69853F5F26B6}.Release|Win32.Build.0 = Release|Win32
	EndGlobalSection
	GlobalSection(SolutionProperties) = preSolution
		HideSolutionNode = FALSE
	EndGlobalSection
EndGlobal
