
Microsoft Visual Studio Solution File, Format Version 12.00
# Visual Studio 2012
Project("{8BC9CEB8-8B4A-11D0-8D11-00A0C91BC942}") = "FontConverter", "FontConverter.vcxproj", "{A1776304-8269-438F-A999-68F88B9BB74F}"
EndProject
Global
	GlobalSection(SolutionConfigurationPlatforms) = preSolution
		Debug|Win32 = Debug|Win32
		Release|Win32 = Release|Win32
	EndGlobalSection
	GlobalSection(ProjectConfigurationPlatforms) = postSolution
		{A1776304-8269-438F-A999-68F88B9BB74F}.Debug|Win32.ActiveCfg = Debug|Win32
		{A1776304-8269-438F-A999-68F88B9BB74F}.Debug|Win32.Build.0 = Debug|Win32
		{A1776304-8269-438F-A999-68F88B9BB74F}.Release|Win32.ActiveCfg = Release|Win32
		{A1776304-8269-438F-A999-68F88B9BB74F}.Release|Win32.Build.0 = Release|Win32
	EndGlobalSection
	GlobalSection(SolutionProperties) = preSolution
		HideSolutionNode = FALSE
	EndGlobalSection
EndGlobal
