<?xml version="1.0" encoding="utf-8"?>
<Project ToolsVersion="4.0" xmlns="http://schemas.microsoft.com/developer/msbuild/2003">
  <ItemGroup>
    <ClInclude Include="..\loader\LoaderPly.h">
      <Filter>src\loader</Filter>
    </ClInclude>
    <ClInclude Include="..\loader\Loader.h">
      <Filter>src\loader</Filter>
    </ClInclude>
    <ClInclude Include="..\loader\LoaderRadiance.h">
      <Filter>src\loader</Filter>
    </ClInclude>
    <ClInclude Include="..\lrender.h">
      <Filter>src</Filter>
    </ClInclude>
    <ClInclude Include="..\camera\Camera.h">
      <Filter>src\camera</Filter>
    </ClInclude>
    <ClInclude Include="..\filter\Filter.h">
      <Filter>src\filter</Filter>
    </ClInclude>
    <ClInclude Include="..\sampler\Sampler.h">
      <Filter>src\sampler</Filter>
    </ClInclude>
    <ClInclude Include="..\image\Image.h">
      <Filter>src\image</Filter>
    </ClInclude>
    <ClInclude Include="..\filter\BoxFilter.h">
      <Filter>src\filter</Filter>
    </ClInclude>
    <ClInclude Include="..\filter\TentFilter.h">
      <Filter>src\filter</Filter>
    </ClInclude>
    <ClInclude Include="..\filter\CubicSplineFilter.h">
      <Filter>src\filter</Filter>
    </ClInclude>
    <ClInclude Include="..\filter\GaussianFilter.h">
      <Filter>src\filter</Filter>
    </ClInclude>
    <ClInclude Include="..\filter\LanczosFilter.h">
      <Filter>src\filter</Filter>
    </ClInclude>
    <ClInclude Include="..\scene\Screen.h">
      <Filter>src\scene</Filter>
    </ClInclude>
    <ClInclude Include="..\loader\LoaderObj.h">
      <Filter>src\loader</Filter>
    </ClInclude>
    <ClInclude Include="..\shape\Shape.h">
      <Filter>src\shape</Filter>
    </ClInclude>
    <ClInclude Include="..\core\Ray.h">
      <Filter>src\core</Filter>
    </ClInclude>
    <ClInclude Include="..\accelerator\BinQBVH.h">
      <Filter>src\accelerator</Filter>
    </ClInclude>
    <ClInclude Include="..\core\Intersection.h">
      <Filter>src\core</Filter>
    </ClInclude>
    <ClInclude Include="..\core\Triangle.h">
      <Filter>src\core</Filter>
    </ClInclude>
    <ClInclude Include="..\core\Buffer.h">
      <Filter>src\core</Filter>
    </ClInclude>
    <ClInclude Include="..\core\Photon.h">
      <Filter>src\core</Filter>
    </ClInclude>
    <ClInclude Include="..\shape\Mesh.h">
      <Filter>src\shape</Filter>
    </ClInclude>
    <ClInclude Include="..\core\AABB.h">
      <Filter>src\core</Filter>
    </ClInclude>
    <ClInclude Include="..\accelerator\Accelerator.h">
      <Filter>src\accelerator</Filter>
    </ClInclude>
    <ClInclude Include="..\shape\MeshInstance.h">
      <Filter>src\shape</Filter>
    </ClInclude>
    <ClInclude Include="..\sampler\StratifiedSampler.h">
      <Filter>src\sampler</Filter>
    </ClInclude>
    <ClInclude Include="..\camera\PerspectiveCamera.h">
      <Filter>src\camera</Filter>
    </ClInclude>
    <ClInclude Include="..\integrator\Integrator.h">
      <Filter>src\integrator</Filter>
    </ClInclude>
    <ClInclude Include="..\integrator\PathTracer.h">
      <Filter>src\integrator</Filter>
    </ClInclude>
    <ClInclude Include="..\scene\Scene.h">
      <Filter>src\scene</Filter>
    </ClInclude>
    <ClInclude Include="..\render\RenderQuery.h">
      <Filter>src\render</Filter>
    </ClInclude>
    <ClInclude Include="..\bsdf\Microfacet.h">
      <Filter>src\bsdf</Filter>
    </ClInclude>
    <ClInclude Include="..\bsdf\BSDF.h">
      <Filter>src\bsdf</Filter>
    </ClInclude>
    <ClInclude Include="..\sampler\LowDiscrepancySampler.h">
      <Filter>src\sampler</Filter>
    </ClInclude>
    <ClInclude Include="..\core\Spectrum.h">
      <Filter>src\core</Filter>
    </ClInclude>
    <ClInclude Include="..\texture\Texture.h">
      <Filter>src\texture</Filter>
    </ClInclude>
    <ClInclude Include="..\texture\Texture2D.h">
      <Filter>src\texture</Filter>
    </ClInclude>
    <ClInclude Include="..\loader\IOBMP.h">
      <Filter>src\loader</Filter>
    </ClInclude>
    <ClInclude Include="..\loader\IOTGA.h">
      <Filter>src\loader</Filter>
    </ClInclude>
    <ClInclude Include="..\loader\IOPNG.h">
      <Filter>src\loader</Filter>
    </ClInclude>
    <ClInclude Include="..\bsdf\SpecularReflection.h">
      <Filter>src\bsdf</Filter>
    </ClInclude>
    <ClInclude Include="..\core\Coordinate.h">
      <Filter>src\core</Filter>
    </ClInclude>
    <ClInclude Include="..\bsdf\SpecularTransmission.h">
      <Filter>src\bsdf</Filter>
    </ClInclude>
    <ClInclude Include="..\emitter\Emitter.h">
      <Filter>src\emitter</Filter>
    </ClInclude>
    <ClInclude Include="..\core\Visibility.h">
      <Filter>src\core</Filter>
    </ClInclude>
    <ClInclude Include="..\emitter\DistantLight.h">
      <Filter>src\emitter</Filter>
    </ClInclude>
    <ClInclude Include="..\bsdf\MicrofacetDistribution.h">
      <Filter>src\bsdf</Filter>
    </ClInclude>
    <ClInclude Include="..\texture\Wrap2D.h">
      <Filter>src\texture</Filter>
    </ClInclude>
    <ClInclude Include="..\mapper\Mapper.h">
      <Filter>src\mapper</Filter>
    </ClInclude>
    <ClInclude Include="..\render\RenderMapQuery.h">
      <Filter>src\render</Filter>
    </ClInclude>
    <ClInclude Include="..\core\ShadingGeometry.h">
      <Filter>src\core</Filter>
    </ClInclude>
    <ClInclude Include="..\integrator\AmbientOcclusion.h">
      <Filter>src\integrator</Filter>
    </ClInclude>
    <ClInclude Include="..\render\RenderMapBruteForceQuery.h">
      <Filter>src\render</Filter>
    </ClInclude>
    <ClInclude Include="..\core\Geometry.h">
      <Filter>src\core</Filter>
    </ClInclude>
    <ClInclude Include="..\accelerator\MidBVH2D.h">
      <Filter>src\accelerator</Filter>
    </ClInclude>
    <ClInclude Include="..\image\ImageProcessing.h">
      <Filter>src\image</Filter>
    </ClInclude>
    <ClInclude Include="..\integrator\MapPathTracer.h">
      <Filter>src\integrator</Filter>
    </ClInclude>
    <ClInclude Include="..\sampler\ImportanceResampler.h">
      <Filter>src\sampler</Filter>
    </ClInclude>
    <ClInclude Include="..\bsdf\MicrofacetTransmittance.h">
      <Filter>src\bsdf</Filter>
    </ClInclude>
    <ClInclude Include="..\sampler\RandomSampler.h">
      <Filter>src\sampler</Filter>
    </ClInclude>
  </ItemGroup>
  <ItemGroup>
    <Filter Include="src">
      <UniqueIdentifier>{a117fec2-adab-4040-8bca-cc93a1bbd4f5}</UniqueIdentifier>
    </Filter>
    <Filter Include="src\loader">
      <UniqueIdentifier>{c00b312e-6a31-4859-81fd-03d03727b0a8}</UniqueIdentifier>
    </Filter>
    <Filter Include="src\parser">
      <UniqueIdentifier>{6a4e4ca1-687b-411d-8219-769fb0f1cdc1}</UniqueIdentifier>
    </Filter>
    <Filter Include="src\scene">
      <UniqueIdentifier>{5dfbe97e-086f-4f30-94c9-be2478eb3be9}</UniqueIdentifier>
    </Filter>
    <Filter Include="src\camera">
      <UniqueIdentifier>{54ed85fc-aba0-48a1-a8da-a1e36a5f031a}</UniqueIdentifier>
    </Filter>
    <Filter Include="src\filter">
      <UniqueIdentifier>{d2fef279-f08e-4a2f-b9d4-9f7300b4d998}</UniqueIdentifier>
    </Filter>
    <Filter Include="src\sampler">
      <UniqueIdentifier>{b0ad6bc2-fc49-458f-9bec-4a43253e687e}</UniqueIdentifier>
    </Filter>
    <Filter Include="src\emitter">
      <UniqueIdentifier>{925619de-c654-45ba-ba28-1acf08e6b098}</UniqueIdentifier>
    </Filter>
    <Filter Include="src\image">
      <UniqueIdentifier>{d0627977-fcfa-4a01-8954-9c3deb7fc869}</UniqueIdentifier>
    </Filter>
    <Filter Include="src\shape">
      <UniqueIdentifier>{289b9784-29ba-4deb-8fec-a16ff9bbb8ab}</UniqueIdentifier>
    </Filter>
    <Filter Include="src\accelerator">
      <UniqueIdentifier>{a4f4e43f-3bfb-4a16-83e9-3caa291896e0}</UniqueIdentifier>
    </Filter>
    <Filter Include="src\core">
      <UniqueIdentifier>{21e657a1-4fa7-4d6b-a0c6-1207974ca079}</UniqueIdentifier>
    </Filter>
    <Filter Include="src\integrator">
      <UniqueIdentifier>{7c117276-27f7-4018-9729-90d6474db578}</UniqueIdentifier>
    </Filter>
    <Filter Include="src\render">
      <UniqueIdentifier>{0ef7e470-af2c-498c-aed6-c097f29d6d5c}</UniqueIdentifier>
    </Filter>
    <Filter Include="src\bsdf">
      <UniqueIdentifier>{991f1e7c-a9e2-4da2-aa3f-c60eaadc48a0}</UniqueIdentifier>
    </Filter>
    <Filter Include="src\texture">
      <UniqueIdentifier>{815f5098-7f91-4d5d-b075-ed9b70b52ab3}</UniqueIdentifier>
    </Filter>
    <Filter Include="src\mapper">
      <UniqueIdentifier>{7c6bab3b-2b0c-429b-889b-917dcf53d1b3}</UniqueIdentifier>
    </Filter>
  </ItemGroup>
  <ItemGroup>
    <ClCompile Include="..\loader\LoaderPly.cpp">
      <Filter>src\loader</Filter>
    </ClCompile>
    <ClCompile Include="..\loader\LoaderRadiance.cpp">
      <Filter>src\loader</Filter>
    </ClCompile>
    <ClCompile Include="..\lrender.cpp">
      <Filter>src</Filter>
    </ClCompile>
    <ClCompile Include="..\sampler\Sampler.cpp">
      <Filter>src\sampler</Filter>
    </ClCompile>
    <ClCompile Include="..\image\Image.cpp">
      <Filter>src\image</Filter>
    </ClCompile>
    <ClCompile Include="..\filter\Filter.cpp">
      <Filter>src\filter</Filter>
    </ClCompile>
    <ClCompile Include="..\filter\BoxFilter.cpp">
      <Filter>src\filter</Filter>
    </ClCompile>
    <ClCompile Include="..\filter\TentFilter.cpp">
      <Filter>src\filter</Filter>
    </ClCompile>
    <ClCompile Include="..\filter\CubicSplineFilter.cpp">
      <Filter>src\filter</Filter>
    </ClCompile>
    <ClCompile Include="..\filter\GaussianFilter.cpp">
      <Filter>src\filter</Filter>
    </ClCompile>
    <ClCompile Include="..\filter\LanczosFilter.cpp">
      <Filter>src\filter</Filter>
    </ClCompile>
    <ClCompile Include="..\scene\Screen.cpp">
      <Filter>src\scene</Filter>
    </ClCompile>
    <ClCompile Include="..\loader\LoaderObj.cpp">
      <Filter>src\loader</Filter>
    </ClCompile>
    <ClCompile Include="..\core\Ray.cpp">
      <Filter>src\core</Filter>
    </ClCompile>
    <ClCompile Include="..\shape\Mesh.cpp">
      <Filter>src\shape</Filter>
    </ClCompile>
    <ClCompile Include="..\core\AABB.cpp">
      <Filter>src\core</Filter>
    </ClCompile>
    <ClCompile Include="..\accelerator\BinQBVH.cpp">
      <Filter>src\accelerator</Filter>
    </ClCompile>
    <ClCompile Include="..\shape\MeshInstance.cpp">
      <Filter>src\shape</Filter>
    </ClCompile>
    <ClCompile Include="..\sampler\StratifiedSampler.cpp">
      <Filter>src\sampler</Filter>
    </ClCompile>
    <ClCompile Include="..\camera\PerspectiveCamera.cpp">
      <Filter>src\camera</Filter>
    </ClCompile>
    <ClCompile Include="..\integrator\PathTracer.cpp">
      <Filter>src\integrator</Filter>
    </ClCompile>
    <ClCompile Include="..\scene\Scene.cpp">
      <Filter>src\scene</Filter>
    </ClCompile>
    <ClCompile Include="..\render\RenderQuery.cpp">
      <Filter>src\render</Filter>
    </ClCompile>
    <ClCompile Include="..\bsdf\Microfacet.cpp">
      <Filter>src\bsdf</Filter>
    </ClCompile>
    <ClCompile Include="..\sampler\LowDiscrepancySampler.cpp">
      <Filter>src\sampler</Filter>
    </ClCompile>
    <ClCompile Include="..\core\Spectrum.cpp">
      <Filter>src\core</Filter>
    </ClCompile>
    <ClCompile Include="..\texture\Texture2D.cpp">
      <Filter>src\texture</Filter>
    </ClCompile>
    <ClCompile Include="..\loader\IOBMP.cpp">
      <Filter>src\loader</Filter>
    </ClCompile>
    <ClCompile Include="..\loader\IOPNG.cpp">
      <Filter>src\loader</Filter>
    </ClCompile>
    <ClCompile Include="..\loader\IOTGA.cpp">
      <Filter>src\loader</Filter>
    </ClCompile>
    <ClCompile Include="..\bsdf\BSDF.cpp">
      <Filter>src\bsdf</Filter>
    </ClCompile>
    <ClCompile Include="..\bsdf\SpecularReflection.cpp">
      <Filter>src\bsdf</Filter>
    </ClCompile>
    <ClCompile Include="..\bsdf\SpecularTransmission.cpp">
      <Filter>src\bsdf</Filter>
    </ClCompile>
    <ClCompile Include="..\emitter\Emitter.cpp">
      <Filter>src\emitter</Filter>
    </ClCompile>
    <ClCompile Include="..\core\Coordinate.cpp">
      <Filter>src\core</Filter>
    </ClCompile>
    <ClCompile Include="..\core\Visibility.cpp">
      <Filter>src\core</Filter>
    </ClCompile>
    <ClCompile Include="..\emitter\DistantLight.cpp">
      <Filter>src\emitter</Filter>
    </ClCompile>
    <ClCompile Include="..\core\Intersection.cpp">
      <Filter>src\core</Filter>
    </ClCompile>
    <ClCompile Include="..\integrator\Integrator.cpp">
      <Filter>src\integrator</Filter>
    </ClCompile>
    <ClCompile Include="..\mapper\Mapper.cpp">
      <Filter>src\mapper</Filter>
    </ClCompile>
    <ClCompile Include="..\render\RenderMapQuery.cpp">
      <Filter>src\render</Filter>
    </ClCompile>
    <ClCompile Include="..\core\ShadingGeometry.cpp">
      <Filter>src\core</Filter>
    </ClCompile>
    <ClCompile Include="..\integrator\AmbientOcclusion.cpp">
      <Filter>src\integrator</Filter>
    </ClCompile>
    <ClCompile Include="..\render\RenderMapBruteForceQuery.cpp">
      <Filter>src\render</Filter>
    </ClCompile>
    <ClCompile Include="..\core\Geometry.cpp">
      <Filter>src\core</Filter>
    </ClCompile>
    <ClCompile Include="..\accelerator\MidBVH2D.cpp">
      <Filter>src\accelerator</Filter>
    </ClCompile>
    <ClCompile Include="..\image\ImageProcessing.cpp">
      <Filter>src\image</Filter>
    </ClCompile>
    <ClCompile Include="..\integrator\MapPathTracer.cpp">
      <Filter>src\integrator</Filter>
    </ClCompile>
    <ClCompile Include="..\sampler\ImportanceResampler.cpp">
      <Filter>src\sampler</Filter>
    </ClCompile>
    <ClCompile Include="..\bsdf\MicrofacetTransmittance.cpp">
      <Filter>src\bsdf</Filter>
    </ClCompile>
    <ClCompile Include="..\sampler\RandomSampler.cpp">
      <Filter>src\sampler</Filter>
    </ClCompile>
  </ItemGroup>
</Project>