
Microsoft Visual Studio Solution File, Format Version 10.00
# Visual Studio 2008
Project("{8BC9CEB8-8B4A-11D0-8D11-00A0C91BC942}") = "ConfigDLL_dx9", "ConfigDLL_dx9.vcproj", "{FCEEF11B-CC16-4282-963D-9337CC56EBDE}"
EndProject
Global
	GlobalSection(SolutionConfigurationPlatforms) = preSolution
		Debug|Win32 = Debug|Win32
		Release|Win32 = Release|Win32
	EndGlobalSection
	GlobalSection(ProjectConfigurationPlatforms) = postSolution
		{FCEEF11B-CC16-4282-963D-9337CC56EBDE}.Debug|Win32.ActiveCfg = Debug|Win32
		{FCEEF11B-CC16-4282-963D-9337CC56EBDE}.Debug|Win32.Build.0 = Debug|Win32
		{FCEEF11B-CC16-4282-963D-9337CC56EBDE}.Release|Win32.ActiveCfg = Release|Win32
		{FCEEF11B-CC16-4282-963D-9337CC56EBDE}.Release|Win32.Build.0 = Release|Win32
	EndGlobalSection
	GlobalSection(SolutionProperties) = preSolution
		HideSolutionNode = FALSE
	EndGlobalSection
EndGlobal
