<?xml version="1.0" encoding="utf-8"?>
<Project ToolsVersion="4.0" xmlns="http://schemas.microsoft.com/developer/msbuild/2003">
  <ItemGroup>
    <Filter Include="geometry">
      <UniqueIdentifier>{74a16852-96e0-46bb-ba41-495be366cbab}</UniqueIdentifier>
    </Filter>
  </ItemGroup>
  <ItemGroup>
    <ClInclude Include="..\geometry\BVH.h">
      <Filter>geometry</Filter>
    </ClInclude>
    <ClInclude Include="..\geometry\KDTree.h">
      <Filter>geometry</Filter>
    </ClInclude>
    <ClInclude Include="..\geometry\Plane.h">
      <Filter>geometry</Filter>
    </ClInclude>
    <ClInclude Include="..\geometry\PrimitiveTest.h">
      <Filter>geometry</Filter>
    </ClInclude>
    <ClInclude Include="..\geometry\Ray.h">
      <Filter>geometry</Filter>
    </ClInclude>
    <ClInclude Include="..\geometry\Sphere.h">
      <Filter>geometry</Filter>
    </ClInclude>
    <ClInclude Include="..\DualQuaternion.h" />
    <ClInclude Include="..\lmath.h" />
    <ClInclude Include="..\lmathcore.h" />
    <ClInclude Include="..\lmathutil.h" />
    <ClInclude Include="..\Matrix34.h" />
    <ClInclude Include="..\Matrix44.h" />
    <ClInclude Include="..\Quaternion.h" />
    <ClInclude Include="..\Vector2.h" />
    <ClInclude Include="..\Vector3.h" />
    <ClInclude Include="..\Vector4.h" />
    <ClInclude Include="..\geometry\RayTest.h">
      <Filter>geometry</Filter>
    </ClInclude>
    <ClInclude Include="..\geometry\QBVH.h">
      <Filter>geometry</Filter>
    </ClInclude>
  </ItemGroup>
  <ItemGroup>
    <ClCompile Include="..\geometry\Plane.cpp">
      <Filter>geometry</Filter>
    </ClCompile>
    <ClCompile Include="..\geometry\PrimitiveTest.cpp">
      <Filter>geometry</Filter>
    </ClCompile>
    <ClCompile Include="..\geometry\Sphere.cpp">
      <Filter>geometry</Filter>
    </ClCompile>
    <ClCompile Include="..\DualQuaternion.cpp" />
    <ClCompile Include="..\lmathcore.cpp" />
    <ClCompile Include="..\lmathutil.cpp" />
    <ClCompile Include="..\Matrix34.cpp" />
    <ClCompile Include="..\Matrix44.cpp" />
    <ClCompile Include="..\Quaternion.cpp" />
    <ClCompile Include="..\utility_DualQuaternion.cpp" />
    <ClCompile Include="..\Vector2.cpp" />
    <ClCompile Include="..\Vector3.cpp" />
    <ClCompile Include="..\Vector4.cpp" />
    <ClCompile Include="..\geometry\RayTest.cpp">
      <Filter>geometry</Filter>
    </ClCompile>
    <ClCompile Include="..\geometry\Ray.cpp">
      <Filter>geometry</Filter>
    </ClCompile>
    <ClCompile Include="..\geometry\QBVH.cpp">
      <Filter>geometry</Filter>
    </ClCompile>
  </ItemGroup>
</Project>