<?xml version="1.0" encoding="utf-8"?>
<Project ToolsVersion="4.0" xmlns="http://schemas.microsoft.com/developer/msbuild/2003">
  <ItemGroup>
    <Filter Include="scene">
      <UniqueIdentifier>{f93f2fa8-f686-4956-8128-e811a1498dd3}</UniqueIdentifier>
    </Filter>
    <Filter Include="pack">
      <UniqueIdentifier>{d8ffbc5b-9541-4e23-a758-8b79a4ba2916}</UniqueIdentifier>
    </Filter>
    <Filter Include="scene\mixin">
      <UniqueIdentifier>{71949414-4df5-4f7e-a91a-186557debda9}</UniqueIdentifier>
    </Filter>
    <Filter Include="scene\file">
      <UniqueIdentifier>{4eefe1a8-1a4b-4289-8861-0a01908bc736}</UniqueIdentifier>
    </Filter>
    <Filter Include="scene\render">
      <UniqueIdentifier>{f39fabae-f523-4c09-8106-fef18c8bb220}</UniqueIdentifier>
    </Filter>
    <Filter Include="scene\anim">
      <UniqueIdentifier>{a31b135e-0e98-4d34-8b41-a0b16962e593}</UniqueIdentifier>
    </Filter>
    <Filter Include="scene\load">
      <UniqueIdentifier>{3e6a6da6-802f-43dd-89f2-0160100ad236}</UniqueIdentifier>
    </Filter>
    <Filter Include="scene\collide">
      <UniqueIdentifier>{7f1fa429-bee0-4114-a2e6-9937c698bc7b}</UniqueIdentifier>
    </Filter>
  </ItemGroup>
  <ItemGroup>
    <ClCompile Include="..\scene\Camera.cpp">
      <Filter>scene</Filter>
    </ClCompile>
    <ClCompile Include="..\scene\Frustum.cpp">
      <Filter>scene</Filter>
    </ClCompile>
    <ClCompile Include="..\scene\Scene.cpp">
      <Filter>scene</Filter>
    </ClCompile>
    <ClCompile Include="..\Application.cpp" />
    <ClCompile Include="..\MessageDriven.cpp" />
    <ClCompile Include="..\pack\PackReader.cpp">
      <Filter>pack</Filter>
    </ClCompile>
    <ClCompile Include="..\pack\PackWriter.cpp">
      <Filter>pack</Filter>
    </ClCompile>
    <ClCompile Include="..\scene\ShadowMap.cpp">
      <Filter>scene</Filter>
    </ClCompile>
    <ClCompile Include="..\scene\ReflectiveShadowMap.cpp">
      <Filter>scene</Filter>
    </ClCompile>
    <ClCompile Include="..\scene\NodeBase.cpp">
      <Filter>scene</Filter>
    </ClCompile>
    <ClCompile Include="..\scene\SystemBase.cpp">
      <Filter>scene</Filter>
    </ClCompile>
    <ClCompile Include="..\scene\SceneManager.cpp">
      <Filter>scene</Filter>
    </ClCompile>
    <ClCompile Include="..\scene\lscene.cpp">
      <Filter>scene</Filter>
    </ClCompile>
    <ClCompile Include="..\scene\ConstantBufferTable.cpp">
      <Filter>scene</Filter>
    </ClCompile>
    <ClCompile Include="..\scene\RenderQueue.cpp">
      <Filter>scene</Filter>
    </ClCompile>
    <ClCompile Include="..\scene\RingBuffer.cpp">
      <Filter>scene</Filter>
    </ClCompile>
    <ClCompile Include="..\scene\ConstantBuffer.cpp">
      <Filter>scene</Filter>
    </ClCompile>
    <ClCompile Include="..\scene\RenderContext.cpp">
      <Filter>scene</Filter>
    </ClCompile>
    <ClCompile Include="..\scene\NodeObject.cpp">
      <Filter>scene</Filter>
    </ClCompile>
    <ClCompile Include="..\scene\file\FileSystem.cpp">
      <Filter>scene\file</Filter>
    </ClCompile>
    <ClCompile Include="..\scene\file\File.cpp">
      <Filter>scene\file</Filter>
    </ClCompile>
    <ClCompile Include="..\scene\Resources.cpp">
      <Filter>scene</Filter>
    </ClCompile>
    <ClCompile Include="..\scene\load\ModelLoader.cpp">
      <Filter>scene\load</Filter>
    </ClCompile>
    <ClCompile Include="..\scene\render\AnimObject.cpp">
      <Filter>scene\render</Filter>
    </ClCompile>
    <ClCompile Include="..\scene\render\Geometry.cpp">
      <Filter>scene\render</Filter>
    </ClCompile>
    <ClCompile Include="..\scene\render\Material.cpp">
      <Filter>scene\render</Filter>
    </ClCompile>
    <ClCompile Include="..\scene\render\Mesh.cpp">
      <Filter>scene\render</Filter>
    </ClCompile>
    <ClCompile Include="..\scene\render\Node.cpp">
      <Filter>scene\render</Filter>
    </ClCompile>
    <ClCompile Include="..\scene\render\Object.cpp">
      <Filter>scene\render</Filter>
    </ClCompile>
    <ClCompile Include="..\scene\anim\AnimationState.cpp">
      <Filter>scene\anim</Filter>
    </ClCompile>
    <ClCompile Include="..\scene\anim\Animation.cpp">
      <Filter>scene\anim</Filter>
    </ClCompile>
    <ClCompile Include="..\scene\anim\AnimationClip.cpp">
      <Filter>scene\anim</Filter>
    </ClCompile>
    <ClCompile Include="..\scene\anim\IKPack.cpp">
      <Filter>scene\anim</Filter>
    </ClCompile>
    <ClCompile Include="..\scene\anim\JointAnimation.cpp">
      <Filter>scene\anim</Filter>
    </ClCompile>
    <ClCompile Include="..\scene\anim\lanim.cpp">
      <Filter>scene\anim</Filter>
    </ClCompile>
    <ClCompile Include="..\scene\anim\Skeleton.cpp">
      <Filter>scene\anim</Filter>
    </ClCompile>
    <ClCompile Include="..\scene\anim\SkeletonPose.cpp">
      <Filter>scene\anim</Filter>
    </ClCompile>
    <ClCompile Include="..\scene\ObjectFactory.cpp">
      <Filter>scene</Filter>
    </ClCompile>
    <ClCompile Include="..\scene\render\ObjectContent.cpp">
      <Filter>scene\render</Filter>
    </ClCompile>
    <ClCompile Include="..\scene\render\ShaderManager.cpp">
      <Filter>scene\render</Filter>
    </ClCompile>
    <ClCompile Include="..\scene\render\render.cpp">
      <Filter>scene\render</Filter>
    </ClCompile>
    <ClCompile Include="..\scene\render\InputLayoutManager.cpp">
      <Filter>scene\render</Filter>
    </ClCompile>
    <ClCompile Include="..\scene\ShaderCompiler.cpp">
      <Filter>scene</Filter>
    </ClCompile>
    <ClCompile Include="..\scene\ShaderConstant.cpp">
      <Filter>scene</Filter>
    </ClCompile>
    <ClCompile Include="..\scene\NodeAnimObject.cpp">
      <Filter>scene</Filter>
    </ClCompile>
    <ClCompile Include="..\scene\NodeTransform.cpp">
      <Filter>scene</Filter>
    </ClCompile>
    <ClCompile Include="..\scene\load\load.cpp">
      <Filter>scene\load</Filter>
    </ClCompile>
    <ClCompile Include="..\scene\NodeObjectMotion.cpp">
      <Filter>scene</Filter>
    </ClCompile>
    <ClCompile Include="..\scene\NodeAnimObjectMotion.cpp">
      <Filter>scene</Filter>
    </ClCompile>
    <ClCompile Include="..\scene\collide\Octree.cpp">
      <Filter>scene\collide</Filter>
    </ClCompile>
    <ClCompile Include="..\scene\collide\Quadtree.cpp">
      <Filter>scene\collide</Filter>
    </ClCompile>
    <ClCompile Include="..\scene\collide\CollideManager.cpp">
      <Filter>scene\collide</Filter>
    </ClCompile>
    <ClCompile Include="..\scene\collide\Collider.cpp">
      <Filter>scene\collide</Filter>
    </ClCompile>
    <ClCompile Include="..\scene\NodeStaticObject.cpp">
      <Filter>scene</Filter>
    </ClCompile>
    <ClCompile Include="..\pack\lpacktree.cpp">
      <Filter>pack</Filter>
    </ClCompile>
  </ItemGroup>
  <ItemGroup>
    <ClInclude Include="..\scene\Camera.h">
      <Filter>scene</Filter>
    </ClInclude>
    <ClInclude Include="..\scene\DirectionalLight.h">
      <Filter>scene</Filter>
    </ClInclude>
    <ClInclude Include="..\scene\Frustum.h">
      <Filter>scene</Filter>
    </ClInclude>
    <ClInclude Include="..\scene\LightEnvironment.h">
      <Filter>scene</Filter>
    </ClInclude>
    <ClInclude Include="..\scene\lscene.h">
      <Filter>scene</Filter>
    </ClInclude>
    <ClInclude Include="..\scene\Scene.h">
      <Filter>scene</Filter>
    </ClInclude>
    <ClInclude Include="..\Application.h" />
    <ClInclude Include="..\lframework.h" />
    <ClInclude Include="..\MessageDriven.h" />
    <ClInclude Include="..\pack\PackReader.h">
      <Filter>pack</Filter>
    </ClInclude>
    <ClInclude Include="..\pack\PackWriter.h">
      <Filter>pack</Filter>
    </ClInclude>
    <ClInclude Include="..\scene\ShadowMap.h">
      <Filter>scene</Filter>
    </ClInclude>
    <ClInclude Include="..\scene\ReflectiveShadowMap.h">
      <Filter>scene</Filter>
    </ClInclude>
    <ClInclude Include="..\scene\NodeBase.h">
      <Filter>scene</Filter>
    </ClInclude>
    <ClInclude Include="..\scene\SystemBase.h">
      <Filter>scene</Filter>
    </ClInclude>
    <ClInclude Include="..\scene\SceneManager.h">
      <Filter>scene</Filter>
    </ClInclude>
    <ClInclude Include="..\scene\RenderQueue.h">
      <Filter>scene</Filter>
    </ClInclude>
    <ClInclude Include="..\scene\ConstantBufferTable.h">
      <Filter>scene</Filter>
    </ClInclude>
    <ClInclude Include="..\scene\RingBuffer.h">
      <Filter>scene</Filter>
    </ClInclude>
    <ClInclude Include="..\scene\DynamicBuffer.h">
      <Filter>scene</Filter>
    </ClInclude>
    <ClInclude Include="..\scene\TransientBuffer.h">
      <Filter>scene</Filter>
    </ClInclude>
    <ClInclude Include="..\scene\BufferCreator.h">
      <Filter>scene</Filter>
    </ClInclude>
    <ClInclude Include="..\scene\FrameSyncQuery.h">
      <Filter>scene</Filter>
    </ClInclude>
    <ClInclude Include="..\scene\ConstantBuffer.h">
      <Filter>scene</Filter>
    </ClInclude>
    <ClInclude Include="..\scene\RenderContext.h">
      <Filter>scene</Filter>
    </ClInclude>
    <ClInclude Include="..\scene\mixin\Module.h">
      <Filter>scene\mixin</Filter>
    </ClInclude>
    <ClInclude Include="..\scene\mixin\ReferenceCounted.h">
      <Filter>scene\mixin</Filter>
    </ClInclude>
    <ClInclude Include="..\scene\mixin\Renderable.h">
      <Filter>scene\mixin</Filter>
    </ClInclude>
    <ClInclude Include="..\scene\SceneRenderable.h">
      <Filter>scene</Filter>
    </ClInclude>
    <ClInclude Include="..\scene\ShaderConstant.h">
      <Filter>scene</Filter>
    </ClInclude>
    <ClInclude Include="..\scene\NodeObject.h">
      <Filter>scene</Filter>
    </ClInclude>
    <ClInclude Include="..\scene\file\FileSystem.h">
      <Filter>scene\file</Filter>
    </ClInclude>
    <ClInclude Include="..\scene\file\File.h">
      <Filter>scene\file</Filter>
    </ClInclude>
    <ClInclude Include="..\scene\Resources.h">
      <Filter>scene</Filter>
    </ClInclude>
    <ClInclude Include="..\scene\load\load_node.h">
      <Filter>scene\load</Filter>
    </ClInclude>
    <ClInclude Include="..\scene\load\load.h">
      <Filter>scene\load</Filter>
    </ClInclude>
    <ClInclude Include="..\scene\load\load_geometry.h">
      <Filter>scene\load</Filter>
    </ClInclude>
    <ClInclude Include="..\scene\load\load_joint.h">
      <Filter>scene\load</Filter>
    </ClInclude>
    <ClInclude Include="..\scene\load\load_material.h">
      <Filter>scene\load</Filter>
    </ClInclude>
    <ClInclude Include="..\scene\load\load_mesh.h">
      <Filter>scene\load</Filter>
    </ClInclude>
    <ClInclude Include="..\scene\load\load_texture.h">
      <Filter>scene\load</Filter>
    </ClInclude>
    <ClInclude Include="..\scene\load\ModelLoader.h">
      <Filter>scene\load</Filter>
    </ClInclude>
    <ClInclude Include="..\scene\render\Mesh.h">
      <Filter>scene\render</Filter>
    </ClInclude>
    <ClInclude Include="..\scene\render\AnimObject.h">
      <Filter>scene\render</Filter>
    </ClInclude>
    <ClInclude Include="..\scene\render\Geometry.h">
      <Filter>scene\render</Filter>
    </ClInclude>
    <ClInclude Include="..\scene\render\Material.h">
      <Filter>scene\render</Filter>
    </ClInclude>
    <ClInclude Include="..\scene\render\Node.h">
      <Filter>scene\render</Filter>
    </ClInclude>
    <ClInclude Include="..\scene\render\Object.h">
      <Filter>scene\render</Filter>
    </ClInclude>
    <ClInclude Include="..\scene\render\render.h">
      <Filter>scene\render</Filter>
    </ClInclude>
    <ClInclude Include="..\scene\anim\Animation.h">
      <Filter>scene\anim</Filter>
    </ClInclude>
    <ClInclude Include="..\scene\anim\AnimationClip.h">
      <Filter>scene\anim</Filter>
    </ClInclude>
    <ClInclude Include="..\scene\anim\AnimationState.h">
      <Filter>scene\anim</Filter>
    </ClInclude>
    <ClInclude Include="..\scene\anim\IKPack.h">
      <Filter>scene\anim</Filter>
    </ClInclude>
    <ClInclude Include="..\scene\anim\Joint.h">
      <Filter>scene\anim</Filter>
    </ClInclude>
    <ClInclude Include="..\scene\anim\JointAnimation.h">
      <Filter>scene\anim</Filter>
    </ClInclude>
    <ClInclude Include="..\scene\anim\JointPose.h">
      <Filter>scene\anim</Filter>
    </ClInclude>
    <ClInclude Include="..\scene\anim\lanim.h">
      <Filter>scene\anim</Filter>
    </ClInclude>
    <ClInclude Include="..\scene\anim\Skeleton.h">
      <Filter>scene\anim</Filter>
    </ClInclude>
    <ClInclude Include="..\scene\anim\SkeletonPose.h">
      <Filter>scene\anim</Filter>
    </ClInclude>
    <ClInclude Include="..\scene\anim\Flags.h">
      <Filter>scene\anim</Filter>
    </ClInclude>
    <ClInclude Include="..\scene\ObjectFactoryBase.h">
      <Filter>scene</Filter>
    </ClInclude>
    <ClInclude Include="..\scene\ObjectFactory.h">
      <Filter>scene</Filter>
    </ClInclude>
    <ClInclude Include="..\scene\Resource.h">
      <Filter>scene</Filter>
    </ClInclude>
    <ClInclude Include="..\scene\render\ObjectContent.h">
      <Filter>scene\render</Filter>
    </ClInclude>
    <ClInclude Include="..\scene\render\ShaderManager.h">
      <Filter>scene\render</Filter>
    </ClInclude>
    <ClInclude Include="..\scene\render\ShaderID.h">
      <Filter>scene\render</Filter>
    </ClInclude>
    <ClInclude Include="..\scene\render\ShaderSet.h">
      <Filter>scene\render</Filter>
    </ClInclude>
    <ClInclude Include="..\scene\render\InputLayoutManager.h">
      <Filter>scene\render</Filter>
    </ClInclude>
    <ClInclude Include="..\scene\ShaderCompiler.h">
      <Filter>scene</Filter>
    </ClInclude>
    <ClInclude Include="..\scene\NodeAnimObject.h">
      <Filter>scene</Filter>
    </ClInclude>
    <ClInclude Include="..\scene\NodeTransform.h">
      <Filter>scene</Filter>
    </ClInclude>
    <ClInclude Include="..\scene\NodeObjectMotion.h">
      <Filter>scene</Filter>
    </ClInclude>
    <ClInclude Include="..\scene\NodeAnimObjectMotion.h">
      <Filter>scene</Filter>
    </ClInclude>
    <ClInclude Include="..\scene\collide\lcollide.h">
      <Filter>scene\collide</Filter>
    </ClInclude>
    <ClInclude Include="..\scene\collide\Octree.h">
      <Filter>scene\collide</Filter>
    </ClInclude>
    <ClInclude Include="..\scene\collide\Quadtree.h">
      <Filter>scene\collide</Filter>
    </ClInclude>
    <ClInclude Include="..\scene\collide\CollideManager.h">
      <Filter>scene\collide</Filter>
    </ClInclude>
    <ClInclude Include="..\scene\collide\Collider.h">
      <Filter>scene\collide</Filter>
    </ClInclude>
    <ClInclude Include="..\scene\render\Texture.h">
      <Filter>scene\render</Filter>
    </ClInclude>
    <ClInclude Include="..\scene\NodeStaticObject.h">
      <Filter>scene</Filter>
    </ClInclude>
    <ClInclude Include="..\scene\MultipleBuffer.h">
      <Filter>scene</Filter>
    </ClInclude>
    <ClInclude Include="..\pack\lpacktree.h">
      <Filter>pack</Filter>
    </ClInclude>
  </ItemGroup>
</Project>