<?xml version="1.0" encoding="utf-8"?>
<Project ToolsVersion="4.0" xmlns="http://schemas.microsoft.com/developer/msbuild/2003">
  <ItemGroup>
    <Filter Include="dsp">
      <UniqueIdentifier>{077f3254-18b8-4ae2-9897-0769cfb2baa6}</UniqueIdentifier>
    </Filter>
    <Filter Include="OpenAL">
      <UniqueIdentifier>{0a5acdab-9082-4c79-9959-a4756d370af5}</UniqueIdentifier>
    </Filter>
    <Filter Include="OpenSL">
      <UniqueIdentifier>{5043d16f-e0f1-4912-97a6-9687be930ad6}</UniqueIdentifier>
    </Filter>
    <Filter Include="opus">
      <UniqueIdentifier>{c4c80cb2-a312-43a5-bb70-503f37cef8df}</UniqueIdentifier>
    </Filter>
    <Filter Include="Wasapi">
      <UniqueIdentifier>{9f019465-2f44-4ce6-8275-29828eab8795}</UniqueIdentifier>
    </Filter>
  </ItemGroup>
  <ItemGroup>
    <ClInclude Include="Context.h" />
    <ClInclude Include="lsound.h" />
    <ClInclude Include="Player.h" />
    <ClInclude Include="UserPlayer.h" />
    <ClInclude Include="dsp\dsp.h">
      <Filter>dsp</Filter>
    </ClInclude>
    <ClInclude Include="dsp\Resampler.h">
      <Filter>dsp</Filter>
    </ClInclude>
    <ClInclude Include="OpenAL\Context.h">
      <Filter>OpenAL</Filter>
    </ClInclude>
    <ClInclude Include="OpenAL\Player.h">
      <Filter>OpenAL</Filter>
    </ClInclude>
    <ClInclude Include="OpenAL\UserPlayer.h">
      <Filter>OpenAL</Filter>
    </ClInclude>
    <ClInclude Include="OpenSL\Context.h">
      <Filter>OpenSL</Filter>
    </ClInclude>
    <ClInclude Include="OpenSL\Player.h">
      <Filter>OpenSL</Filter>
    </ClInclude>
    <ClInclude Include="OpenSL\UserPlayer.h">
      <Filter>OpenSL</Filter>
    </ClInclude>
    <ClInclude Include="opus\Pack.h">
      <Filter>opus</Filter>
    </ClInclude>
    <ClInclude Include="opus\PackReader.h">
      <Filter>opus</Filter>
    </ClInclude>
    <ClInclude Include="opus\PackWriter.h">
      <Filter>opus</Filter>
    </ClInclude>
    <ClInclude Include="opus\Resource.h">
      <Filter>opus</Filter>
    </ClInclude>
    <ClInclude Include="opus\Stream.h">
      <Filter>opus</Filter>
    </ClInclude>
    <ClInclude Include="Wasapi\Context.h">
      <Filter>Wasapi</Filter>
    </ClInclude>
    <ClInclude Include="Wasapi\Device.h">
      <Filter>Wasapi</Filter>
    </ClInclude>
    <ClInclude Include="Wasapi\Player.h">
      <Filter>Wasapi</Filter>
    </ClInclude>
    <ClInclude Include="Wasapi\UserPlayer.h">
      <Filter>Wasapi</Filter>
    </ClInclude>
    <ClInclude Include="lsound_api.h" />
  </ItemGroup>
  <ItemGroup>
    <ClCompile Include="dsp\dsp.cpp">
      <Filter>dsp</Filter>
    </ClCompile>
    <ClCompile Include="dsp\Resampler.cpp">
      <Filter>dsp</Filter>
    </ClCompile>
    <ClCompile Include="OpenAL\Player.cpp">
      <Filter>OpenAL</Filter>
    </ClCompile>
    <ClCompile Include="OpenAL\Context.cpp">
      <Filter>OpenAL</Filter>
    </ClCompile>
    <ClCompile Include="OpenAL\UserPlayer.cpp">
      <Filter>OpenAL</Filter>
    </ClCompile>
    <ClCompile Include="OpenSL\Player.cpp">
      <Filter>OpenSL</Filter>
    </ClCompile>
    <ClCompile Include="OpenSL\Context.cpp">
      <Filter>OpenSL</Filter>
    </ClCompile>
    <ClCompile Include="OpenSL\UserPlayer.cpp">
      <Filter>OpenSL</Filter>
    </ClCompile>
    <ClCompile Include="opus\PackReader.cpp">
      <Filter>opus</Filter>
    </ClCompile>
    <ClCompile Include="opus\Pack.cpp">
      <Filter>opus</Filter>
    </ClCompile>
    <ClCompile Include="opus\PackWriter.cpp">
      <Filter>opus</Filter>
    </ClCompile>
    <ClCompile Include="opus\Resource.cpp">
      <Filter>opus</Filter>
    </ClCompile>
    <ClCompile Include="opus\Stream.cpp">
      <Filter>opus</Filter>
    </ClCompile>
    <ClCompile Include="Wasapi\Device.cpp">
      <Filter>Wasapi</Filter>
    </ClCompile>
    <ClCompile Include="Wasapi\Context.cpp">
      <Filter>Wasapi</Filter>
    </ClCompile>
    <ClCompile Include="Wasapi\Player.cpp">
      <Filter>Wasapi</Filter>
    </ClCompile>
    <ClCompile Include="Wasapi\UserPlayer.cpp">
      <Filter>Wasapi</Filter>
    </ClCompile>
  </ItemGroup>
</Project>