<?xml version="1.0" encoding="utf-8"?>
<Project ToolsVersion="4.0" xmlns="http://schemas.microsoft.com/developer/msbuild/2003">
  <ItemGroup>
    <Filter Include="リソース ファイル">
      <UniqueIdentifier>{67DA6AB6-F800-4c08-8B7A-83BB121AAD01}</UniqueIdentifier>
      <Extensions>rc;ico;cur;bmp;dlg;rc2;rct;bin;rgs;gif;jpg;jpeg;jpe;resx;tiff;tif;png;wav</Extensions>
    </Filter>
    <Filter Include="src">
      <UniqueIdentifier>{28bf75a2-f0d2-4309-9254-8c0743fe63f3}</UniqueIdentifier>
    </Filter>
    <Filter Include="src\charcode">
      <UniqueIdentifier>{3ece29d2-f8d5-4409-ac0a-eab3277e8223}</UniqueIdentifier>
    </Filter>
  </ItemGroup>
  <ItemGroup>
    <ResourceCompile Include="FontPacker.rc">
      <Filter>リソース ファイル</Filter>
    </ResourceCompile>
  </ItemGroup>
  <ItemGroup>
    <ClCompile Include="Dialog.cpp">
      <Filter>src</Filter>
    </ClCompile>
    <ClCompile Include="DistanceField.cpp">
      <Filter>src</Filter>
    </ClCompile>
    <ClCompile Include="FontPacker.cpp">
      <Filter>src</Filter>
    </ClCompile>
    <ClCompile Include="FontPackerDF.cpp">
      <Filter>src</Filter>
    </ClCompile>
    <ClCompile Include="main.cpp">
      <Filter>src</Filter>
    </ClCompile>
    <ClCompile Include="stdafx.cpp">
      <Filter>src</Filter>
    </ClCompile>
    <ClCompile Include="charcode\sjis1.cpp">
      <Filter>src\charcode</Filter>
    </ClCompile>
  </ItemGroup>
  <ItemGroup>
    <ClInclude Include="Dialog.h">
      <Filter>src</Filter>
    </ClInclude>
    <ClInclude Include="DialogBase.h">
      <Filter>src</Filter>
    </ClInclude>
    <ClInclude Include="DistanceField.h">
      <Filter>src</Filter>
    </ClInclude>
    <ClInclude Include="FontPacker.h">
      <Filter>src</Filter>
    </ClInclude>
    <ClInclude Include="FontPackerDF.h">
      <Filter>src</Filter>
    </ClInclude>
    <ClInclude Include="main.h">
      <Filter>src</Filter>
    </ClInclude>
    <ClInclude Include="Resource.h">
      <Filter>src</Filter>
    </ClInclude>
    <ClInclude Include="stdafx.h">
      <Filter>src</Filter>
    </ClInclude>
    <ClInclude Include="targetver.h">
      <Filter>src</Filter>
    </ClInclude>
    <ClInclude Include="Widget.h">
      <Filter>src</Filter>
    </ClInclude>
    <ClInclude Include="charcode\charcode.h">
      <Filter>src\charcode</Filter>
    </ClInclude>
    <ClInclude Include="charcode\sjis1.h">
      <Filter>src\charcode</Filter>
    </ClInclude>
  </ItemGroup>
</Project>